
Microsoft Visual Studio Solution File, Format Version 12.00
# Visual Studio Version 16
VisualStudioVersion = 16.0.32228.343
MinimumVisualStudioVersion = 10.0.40219.1
Project("{8BC9CEB8-8B4A-11D0-8D11-00A0C91BC942}") = "Sandbox", "Sandbox\Sandbox.vcxproj", "{E0A71E36-7580-4654-98FB-70C7A9879BBE}"
EndProject
Project("{8BC9CEB8-8B4A-11D0-8D11-00A0C91BC942}") = "RaysEngine", "RaysEngine.vcxproj", "{FC620C95-B552-4F3C-A918-220F8A1A343C}"
EndProject
Global
	GlobalSection(SolutionConfigurationPlatforms) = preSolution
		Debug|x64 = Debug|x64
		Release|x64 = Release|x64
	EndGlobalSection
	GlobalSection(ProjectConfigurationPlatforms) = postSolution
		{FC620C95-B552-4F3C-A918-220F8A1A343C}.Debug|x64.ActiveCfg = Debug|x64
		{FC620C95-B552-4F3C-A918-220F8A1A343C}.Debug|x64.Build.0 = Debug|x64
		{FC620C95-B552-4F3C-A918-220F8A1A343C}.Release|x64.ActiveCfg = Release|x64
		{FC620C95-B552-4F3C-A918-220F8A1A343C}.Release|x64.Build.0 = Release|x64
		{E0A71E36-7580-4654-98FB-70C7A9879BBE}.Debug|x64.ActiveCfg = Debug|x64
		{E0A71E36-7580-4654-98FB-70C7A9879BBE}.Debug|x64.Build.0 = Debug|x64
		{E0A71E36-7580-4654-98FB-70C7A9879BBE}.Release|x64.ActiveCfg = Release|x64
		{E0A71E36-7580-4654-98FB-70C7A9879BBE}.Release|x64.Build.0 = Release|x64
	EndGlobalSection
	GlobalSection(SolutionProperties) = preSolution
		HideSolutionNode = FALSE
	EndGlobalSection
	GlobalSection(ExtensibilityGlobals) = postSolution
		SolutionGuid = {1102F017-528C-44A9-99FF-37A4393BB27F}
	EndGlobalSection
EndGlobal
